
Microsoft Visual Studio Solution File, Format Version 12.00
# Visual Studio 2012
Project("{FAE04EC0-301F-11D3-BF4B-00C04F79EFBC}") = "FoodForAll", "FoodForAll.csproj", "{A459A307-1985-4F6B-AD0E-096B1EC3D09F}"
EndProject
Global
	GlobalSection(SolutionConfigurationPlatforms) = preSolution
		Debug|Any CPU = Debug|Any CPU
		Release|Any CPU = Release|Any CPU
	EndGlobalSection
	GlobalSection(ProjectConfigurationPlatforms) = postSolution
		{A459A307-1985-4F6B-AD0E-096B1EC3D09F}.Debug|Any CPU.ActiveCfg = Debug|Any CPU
		{A459A307-1985-4F6B-AD0E-096B1EC3D09F}.Debug|Any CPU.Build.0 = Debug|Any CPU
		{A459A307-1985-4F6B-AD0E-096B1EC3D09F}.Release|Any CPU.ActiveCfg = Release|Any CPU
		{A459A307-1985-4F6B-AD0E-096B1EC3D09F}.Release|Any CPU.Build.0 = Release|Any CPU
	EndGlobalSection
EndGlobal
