
Microsoft Visual Studio Solution File, Format Version 12.00
# Visual Studio 2012
Project("{FAE04EC0-301F-11D3-BF4B-00C04F79EFBC}") = "FoodForAll", "FoodForAll\FoodForAll.csproj", "{A459A307-1985-4F6B-AD0E-096B1EC3D09F}"
EndProject
Project("{FAE04EC0-301F-11D3-BF4B-00C04F79EFBC}") = "FoodForAll.iOS", "iOS\FoodForAll.iOS.csproj", "{206FB6D2-584D-4D7B-A877-8731A09DCDDC}"
EndProject
Project("{FAE04EC0-301F-11D3-BF4B-00C04F79EFBC}") = "FoodForAll.Droid", "Droid\FoodForAll.Droid.csproj", "{CE75492C-E4DC-44A0-B7E7-F320A91C4E36}"
EndProject
Project("{FAE04EC0-301F-11D3-BF4B-00C04F79EFBC}") = "FoodForAll.UITests", "UITests\FoodForAll.UITests.csproj", "{361156C1-ED37-4771-99EA-BD87841B2283}"
EndProject
Global
	GlobalSection(SolutionConfigurationPlatforms) = preSolution
		Debug|Any CPU = Debug|Any CPU
		Release|Any CPU = Release|Any CPU
		Debug|iPhoneSimulator = Debug|iPhoneSimulator
		Release|iPhone = Release|iPhone
		Release|iPhoneSimulator = Release|iPhoneSimulator
		Debug|iPhone = Debug|iPhone
	EndGlobalSection
	GlobalSection(ProjectConfigurationPlatforms) = postSolution
		{A459A307-1985-4F6B-AD0E-096B1EC3D09F}.Debug|Any CPU.ActiveCfg = Debug|Any CPU
		{A459A307-1985-4F6B-AD0E-096B1EC3D09F}.Debug|Any CPU.Build.0 = Debug|Any CPU
		{A459A307-1985-4F6B-AD0E-096B1EC3D09F}.Release|Any CPU.ActiveCfg = Release|Any CPU
		{A459A307-1985-4F6B-AD0E-096B1EC3D09F}.Release|Any CPU.Build.0 = Release|Any CPU
		{A459A307-1985-4F6B-AD0E-096B1EC3D09F}.Debug|iPhoneSimulator.ActiveCfg = Debug|Any CPU
		{A459A307-1985-4F6B-AD0E-096B1EC3D09F}.Debug|iPhoneSimulator.Build.0 = Debug|Any CPU
		{A459A307-1985-4F6B-AD0E-096B1EC3D09F}.Release|iPhone.ActiveCfg = Release|Any CPU
		{A459A307-1985-4F6B-AD0E-096B1EC3D09F}.Release|iPhone.Build.0 = Release|Any CPU
		{A459A307-1985-4F6B-AD0E-096B1EC3D09F}.Release|iPhoneSimulator.ActiveCfg = Release|Any CPU
		{A459A307-1985-4F6B-AD0E-096B1EC3D09F}.Release|iPhoneSimulator.Build.0 = Release|Any CPU
		{A459A307-1985-4F6B-AD0E-096B1EC3D09F}.Debug|iPhone.ActiveCfg = Debug|Any CPU
		{A459A307-1985-4F6B-AD0E-096B1EC3D09F}.Debug|iPhone.Build.0 = Debug|Any CPU
		{206FB6D2-584D-4D7B-A877-8731A09DCDDC}.Debug|Any CPU.ActiveCfg = Debug|iPhoneSimulator
		{206FB6D2-584D-4D7B-A877-8731A09DCDDC}.Debug|Any CPU.Build.0 = Debug|iPhoneSimulator
		{206FB6D2-584D-4D7B-A877-8731A09DCDDC}.Release|Any CPU.ActiveCfg = Release|iPhone
		{206FB6D2-584D-4D7B-A877-8731A09DCDDC}.Release|Any CPU.Build.0 = Release|iPhone
		{206FB6D2-584D-4D7B-A877-8731A09DCDDC}.Debug|iPhoneSimulator.ActiveCfg = Debug|iPhoneSimulator
		{206FB6D2-584D-4D7B-A877-8731A09DCDDC}.Debug|iPhoneSimulator.Build.0 = Debug|iPhoneSimulator
		{206FB6D2-584D-4D7B-A877-8731A09DCDDC}.Release|iPhone.ActiveCfg = Release|iPhone
		{206FB6D2-584D-4D7B-A877-8731A09DCDDC}.Release|iPhone.Build.0 = Release|iPhone
		{206FB6D2-584D-4D7B-A877-8731A09DCDDC}.Release|iPhoneSimulator.ActiveCfg = Release|iPhoneSimulator
		{206FB6D2-584D-4D7B-A877-8731A09DCDDC}.Release|iPhoneSimulator.Build.0 = Release|iPhoneSimulator
		{206FB6D2-584D-4D7B-A877-8731A09DCDDC}.Debug|iPhone.ActiveCfg = Debug|iPhone
		{206FB6D2-584D-4D7B-A877-8731A09DCDDC}.Debug|iPhone.Build.0 = Debug|iPhone
		{CE75492C-E4DC-44A0-B7E7-F320A91C4E36}.Debug|Any CPU.ActiveCfg = Debug|Any CPU
		{CE75492C-E4DC-44A0-B7E7-F320A91C4E36}.Debug|Any CPU.Build.0 = Debug|Any CPU
		{CE75492C-E4DC-44A0-B7E7-F320A91C4E36}.Release|Any CPU.ActiveCfg = Release|Any CPU
		{CE75492C-E4DC-44A0-B7E7-F320A91C4E36}.Release|Any CPU.Build.0 = Release|Any CPU
		{CE75492C-E4DC-44A0-B7E7-F320A91C4E36}.Debug|iPhoneSimulator.ActiveCfg = Debug|Any CPU
		{CE75492C-E4DC-44A0-B7E7-F320A91C4E36}.Debug|iPhoneSimulator.Build.0 = Debug|Any CPU
		{CE75492C-E4DC-44A0-B7E7-F320A91C4E36}.Release|iPhone.ActiveCfg = Release|Any CPU
		{CE75492C-E4DC-44A0-B7E7-F320A91C4E36}.Release|iPhone.Build.0 = Release|Any CPU
		{CE75492C-E4DC-44A0-B7E7-F320A91C4E36}.Release|iPhoneSimulator.ActiveCfg = Release|Any CPU
		{CE75492C-E4DC-44A0-B7E7-F320A91C4E36}.Release|iPhoneSimulator.Build.0 = Release|Any CPU
		{CE75492C-E4DC-44A0-B7E7-F320A91C4E36}.Debug|iPhone.ActiveCfg = Debug|Any CPU
		{CE75492C-E4DC-44A0-B7E7-F320A91C4E36}.Debug|iPhone.Build.0 = Debug|Any CPU
		{361156C1-ED37-4771-99EA-BD87841B2283}.Debug|Any CPU.ActiveCfg = Debug|Any CPU
		{361156C1-ED37-4771-99EA-BD87841B2283}.Debug|Any CPU.Build.0 = Debug|Any CPU
		{361156C1-ED37-4771-99EA-BD87841B2283}.Release|Any CPU.ActiveCfg = Release|Any CPU
		{361156C1-ED37-4771-99EA-BD87841B2283}.Release|Any CPU.Build.0 = Release|Any CPU
		{361156C1-ED37-4771-99EA-BD87841B2283}.Debug|iPhoneSimulator.ActiveCfg = Debug|Any CPU
		{361156C1-ED37-4771-99EA-BD87841B2283}.Debug|iPhoneSimulator.Build.0 = Debug|Any CPU
		{361156C1-ED37-4771-99EA-BD87841B2283}.Release|iPhone.ActiveCfg = Release|Any CPU
		{361156C1-ED37-4771-99EA-BD87841B2283}.Release|iPhone.Build.0 = Release|Any CPU
		{361156C1-ED37-4771-99EA-BD87841B2283}.Release|iPhoneSimulator.ActiveCfg = Release|Any CPU
		{361156C1-ED37-4771-99EA-BD87841B2283}.Release|iPhoneSimulator.Build.0 = Release|Any CPU
		{361156C1-ED37-4771-99EA-BD87841B2283}.Debug|iPhone.ActiveCfg = Debug|Any CPU
		{361156C1-ED37-4771-99EA-BD87841B2283}.Debug|iPhone.Build.0 = Debug|Any CPU
	EndGlobalSection
EndGlobal
